{
    "_meta": {
        "hash": {
            "sha256": "e05f553252816bf4153370b8c0dc69abd0586a94c26660e333bc81df053a2332"
        },
        "pipfile-spec": 6,
        "requires": {
            "python_version": "3.10"
        },
        "sources": [
            {
                "name": "pypi",
                "url": "https://pypi.org/simple",
                "verify_ssl": true
            }
        ]
    },
    "default": {
        "alembic": {
            "hashes": [
                "sha256:6c0c05e9768a896d804387e20b299880fe01bc56484246b0dffe8075d6d3d847",
                "sha256:ad842f2c3ab5c5d4861232730779c05e33db4ba880a08b85eb505e87c01095bc"
            ],
            "index": "pypi",
            "version": "==1.7.6"
        },
        "attrs": {
            "hashes": [
                "sha256:2d27e3784d7a565d36ab851fe94887c5eccd6a463168875832a1be79c82828b4",
                "sha256:626ba8234211db98e869df76230a137c4c40a12d72445c45d5f5b716f076e2fd"
            ],
            "markers": "python_version >= '2.7' and python_version not in '3.0, 3.1, 3.2, 3.3, 3.4'",
            "version": "==21.4.0"
        },
        "certifi": {
            "hashes": [
                "sha256:78884e7c1d4b00ce3cea67b44566851c4343c120abd683433ce934a68ea58872",
                "sha256:d62a0163eb4c2344ac042ab2bdf75399a71a2d8c7d47eac2e2ee91b9d6339569"
            ],
            "version": "==2021.10.8"
        },
        "charset-normalizer": {
            "hashes": [
                "sha256:2857e29ff0d34db842cd7ca3230549d1a697f96ee6d3fb071cfa6c7393832597",
                "sha256:6881edbebdb17b39b4eaaa821b438bf6eddffb4468cf344f09f89def34a8b1df"
            ],
            "markers": "python_version >= '3'",
            "version": "==2.0.12"
        },
        "confluent-kafka": {
            "hashes": [
                "sha256:02b78bb6d1199ea350240eae1f4415f22014896199a46edf85f779a69751f984",
                "sha256:039c68379f9a5ece6e45a683ec7abebb95a9dac904ec4e2f9d93738e1cf6fab2",
                "sha256:1df83fa20e4fe032651ad73ce0ba85dd14a7fabff6066c9cb20e944d2748e72b",
                "sha256:3d66e8c1a6a15144ca5b176170adbf30207c27813c76202c56abf52ef2b475e1",
                "sha256:4f26052ef53212752039cd1d9e932b2feb6a0975d717ab070af323629a72a0b9",
                "sha256:585bc8e8aa7d6fbd46dc0b2da3d4b1fd8457555288fee1ecba6af2c97ab738cc",
                "sha256:748813f47641dd65dd8d3bae8dcb3ce96a3e455c12b467d4b35e1fc880362d01",
                "sha256:ac7155e1b9a94445ed8eecf691c80c61407148813808a2aa1cba0babbe197e77",
                "sha256:add05db627435697d4ed8f81b3ce1081931770813a989fd775910865f07d694d",
                "sha256:ae75d3f4bc3d2109663912d77911c45aaa2939bde3694fc05e75842c806fa760",
                "sha256:b679c3f9f555e87a9cbb043c676473c30d12182609e075be85afd98f84bcc863",
                "sha256:b79e836c3554bc51c6837a8a0152f7521c9bf31342f5b8e21eba6b28044fa585",
                "sha256:b7cb6fa3d44972e3670e0b3b054186a6006e6fd664600cfe70e008fad2443d16",
                "sha256:d50b091770d277714766943d885ad6b2c5c427e67328706cfd33dc86eef540c9",
                "sha256:e49382a943fb47813f421e913cc6c87cd1d4bfdecad1785efa0dacada7003d84",
                "sha256:ead7f18c516f7bcb886b643fa78ff2a2142270adaf931ba0311b62e9a047e6ca",
                "sha256:f843680e183479f6e0732b593ea3235c836a5bb2de6be3819a11b891b6af1dde"
            ],
            "index": "pypi",
            "version": "==1.8.2"
        },
        "dnspython": {
            "hashes": [
                "sha256:0f7569a4a6ff151958b64304071d370daa3243d15941a7beedf0c9fe5105603e",
                "sha256:a851e51367fb93e9e1361732c1d60dab63eff98712e503ea7d92e6eccb109b4f"
            ],
            "markers": "python_version >= '3.6' and python_version < '4'",
            "version": "==2.2.1"
        },
        "email-validator": {
            "hashes": [
                "sha256:5675c8ceb7106a37e40e2698a57c056756bf3f272cfa8682a4f87ebd95d8440b",
                "sha256:aa237a65f6f4da067119b7df3f13e89c25c051327b2b5b66dc075f33d62480d7"
            ],
            "version": "==1.1.3"
        },
        "falcon": {
            "hashes": [
                "sha256:0212df91414c13c08a9cf4023488b2d47956712f712332f420bb0c7bdf39c6fa",
                "sha256:085b30b09ff4bdb31fda0a83a65f427d8dd4b5b5b21058781c38aff9747b5991",
                "sha256:0df4dee0ef89b4de5e2ba4402ac249942b09758a0decdc7a63d5edb3792c4c1c",
                "sha256:16f8735512af3f52473e3eda37e75bf697f6ced5afc3e9dc7110c430777823ab",
                "sha256:1bdf8085877bd049f799a34680d42fa82e2b93dcf8320d092f7e75933d0afcee",
                "sha256:260645c13d477af434fc200ec67734efc41e620b3f6e0479e722897511166b46",
                "sha256:3710b051f54c158310b45b1432a993803cdccb3e167d3e89aa93076ff77d2673",
                "sha256:485ef504d196390ebc0974cefd3f5fab4ad8a3ede4e5a7c0a803f555bcd8da45",
                "sha256:514dee9b6d66408e43fcef9aef2436004cd2e3163625f194dd064fce67269cce",
                "sha256:56b267fa2df7e0400a639cf40a994baac19170425b0b8bbad5a8a81e07f9717d",
                "sha256:65b1798026e3dbd2d323fa9b03f90e3827be4fe0d3c1f9e3ba3d4a7a001de566",
                "sha256:93ec7fc600ffee2377beeeeca32d8171ff305e9267bcd37bba5a7ce8af1e177f",
                "sha256:94fb4582212768ac425d023b7884e60d09a0bd4c5cd50ca8af0272af1cba5da6",
                "sha256:a70fc0f9f115e763effdf9fc6140a2b5df9f37bd2707f3b29e0a1357dbf53784",
                "sha256:a95b6a373b8f6014b0bc7090b1de031c9d237007211ef55a19b60241cf728e61",
                "sha256:a9d5be8902e977ac93aeebf2b8959e2c3d82783d7ea6a1fc80cef5352b83549b",
                "sha256:b1280db58c2af48b1ba24e39674fb6d84389eff5c4772a327a5af606eeead272",
                "sha256:c3abcd37545de531e7dada4113c88f01e86c7596c7c59300769d64ea7771a75e",
                "sha256:c41d84db325881a870e8b7129d5ecfd972fa4323cf77b7119a1d2a21966ee681",
                "sha256:c9a3cf58f9f3c9769bff3b24037b150c9f6658df4c899d68fa433f5acdfdb004",
                "sha256:ce052e91b8325a76ddc2066e35bb032e0be4671cd824f027d1826c68a0fd09e3",
                "sha256:d6c7f9b2063a4c0ac2516df014c5299ae098579e83025d342f31fe1ef8e994d7",
                "sha256:e6afb13a80b6a4383a66093af7bb0e8e02433ca5ebc7516842a6a3f112c844ae",
                "sha256:ee78a9934f8143c5eef9bfe949044c7eab3fef80a51cbc67cf6cb6b34c5613ce",
                "sha256:f1f70c6f086c53b0cc819a0725d3814ad62e105b62d4c4e2c46322f13e7910e7",
                "sha256:fa46751209af4f4882d3d60e430ea586e170bc03e1bd5b08cb16f6b96068febc",
                "sha256:ff4672f3549b00b62e710d3169903d14e37726f04045a0563b56d9af3fba271d"
            ],
            "index": "pypi",
            "version": "==3.0.1"
        },
        "falcon-cors": {
            "hashes": [
                "sha256:1788ec5c31b5a39240f7979a7c7170a33ea4952dc97e151858a82dcde1a9fe8a"
            ],
            "index": "pypi",
            "version": "==1.1.7"
        },
        "greenlet": {
            "hashes": [
                "sha256:0051c6f1f27cb756ffc0ffbac7d2cd48cb0362ac1736871399a739b2885134d3",
                "sha256:00e44c8afdbe5467e4f7b5851be223be68adb4272f44696ee71fe46b7036a711",
                "sha256:013d61294b6cd8fe3242932c1c5e36e5d1db2c8afb58606c5a67efce62c1f5fd",
                "sha256:049fe7579230e44daef03a259faa24511d10ebfa44f69411d99e6a184fe68073",
                "sha256:14d4f3cd4e8b524ae9b8aa567858beed70c392fdec26dbdb0a8a418392e71708",
                "sha256:166eac03e48784a6a6e0e5f041cfebb1ab400b394db188c48b3a84737f505b67",
                "sha256:17ff94e7a83aa8671a25bf5b59326ec26da379ace2ebc4411d690d80a7fbcf23",
                "sha256:1e12bdc622676ce47ae9abbf455c189e442afdde8818d9da983085df6312e7a1",
                "sha256:21915eb821a6b3d9d8eefdaf57d6c345b970ad722f856cd71739493ce003ad08",
                "sha256:288c6a76705dc54fba69fbcb59904ae4ad768b4c768839b8ca5fdadec6dd8cfd",
                "sha256:2bde6792f313f4e918caabc46532aa64aa27a0db05d75b20edfc5c6f46479de2",
                "sha256:32ca72bbc673adbcfecb935bb3fb1b74e663d10a4b241aaa2f5a75fe1d1f90aa",
                "sha256:356b3576ad078c89a6107caa9c50cc14e98e3a6c4874a37c3e0273e4baf33de8",
                "sha256:40b951f601af999a8bf2ce8c71e8aaa4e8c6f78ff8afae7b808aae2dc50d4c40",
                "sha256:572e1787d1460da79590bf44304abbc0a2da944ea64ec549188fa84d89bba7ab",
                "sha256:58df5c2a0e293bf665a51f8a100d3e9956febfbf1d9aaf8c0677cf70218910c6",
                "sha256:64e6175c2e53195278d7388c454e0b30997573f3f4bd63697f88d855f7a6a1fc",
                "sha256:7227b47e73dedaa513cdebb98469705ef0d66eb5a1250144468e9c3097d6b59b",
                "sha256:7418b6bfc7fe3331541b84bb2141c9baf1ec7132a7ecd9f375912eca810e714e",
                "sha256:7cbd7574ce8e138bda9df4efc6bf2ab8572c9aff640d8ecfece1b006b68da963",
                "sha256:7ff61ff178250f9bb3cd89752df0f1dd0e27316a8bd1465351652b1b4a4cdfd3",
                "sha256:833e1551925ed51e6b44c800e71e77dacd7e49181fdc9ac9a0bf3714d515785d",
                "sha256:8639cadfda96737427330a094476d4c7a56ac03de7265622fcf4cfe57c8ae18d",
                "sha256:8c5d5b35f789a030ebb95bff352f1d27a93d81069f2adb3182d99882e095cefe",
                "sha256:8c790abda465726cfb8bb08bd4ca9a5d0a7bd77c7ac1ca1b839ad823b948ea28",
                "sha256:8d2f1fb53a421b410751887eb4ff21386d119ef9cde3797bf5e7ed49fb51a3b3",
                "sha256:903bbd302a2378f984aef528f76d4c9b1748f318fe1294961c072bdc7f2ffa3e",
                "sha256:93f81b134a165cc17123626ab8da2e30c0455441d4ab5576eed73a64c025b25c",
                "sha256:95e69877983ea39b7303570fa6760f81a3eec23d0e3ab2021b7144b94d06202d",
                "sha256:9633b3034d3d901f0a46b7939f8c4d64427dfba6bbc5a36b1a67364cf148a1b0",
                "sha256:97e5306482182170ade15c4b0d8386ded995a07d7cc2ca8f27958d34d6736497",
                "sha256:9f3cba480d3deb69f6ee2c1825060177a22c7826431458c697df88e6aeb3caee",
                "sha256:aa5b467f15e78b82257319aebc78dd2915e4c1436c3c0d1ad6f53e47ba6e2713",
                "sha256:abb7a75ed8b968f3061327c433a0fbd17b729947b400747c334a9c29a9af6c58",
                "sha256:aec52725173bd3a7b56fe91bc56eccb26fbdff1386ef123abb63c84c5b43b63a",
                "sha256:b11548073a2213d950c3f671aa88e6f83cda6e2fb97a8b6317b1b5b33d850e06",
                "sha256:b1692f7d6bc45e3200844be0dba153612103db241691088626a33ff1f24a0d88",
                "sha256:b336501a05e13b616ef81ce329c0e09ac5ed8c732d9ba7e3e983fcc1a9e86965",
                "sha256:b8c008de9d0daba7b6666aa5bbfdc23dcd78cafc33997c9b7741ff6353bafb7f",
                "sha256:b92e29e58bef6d9cfd340c72b04d74c4b4e9f70c9fa7c78b674d1fec18896dc4",
                "sha256:be5f425ff1f5f4b3c1e33ad64ab994eed12fc284a6ea71c5243fd564502ecbe5",
                "sha256:dd0b1e9e891f69e7675ba5c92e28b90eaa045f6ab134ffe70b52e948aa175b3c",
                "sha256:e30f5ea4ae2346e62cedde8794a56858a67b878dd79f7df76a0767e356b1744a",
                "sha256:e6a36bb9474218c7a5b27ae476035497a6990e21d04c279884eb10d9b290f1b1",
                "sha256:e859fcb4cbe93504ea18008d1df98dee4f7766db66c435e4882ab35cf70cac43",
                "sha256:eb6ea6da4c787111adf40f697b4e58732ee0942b5d3bd8f435277643329ba627",
                "sha256:ec8c433b3ab0419100bd45b47c9c8551248a5aee30ca5e9d399a0b57ac04651b",
                "sha256:eff9d20417ff9dcb0d25e2defc2574d10b491bf2e693b4e491914738b7908168",
                "sha256:f0214eb2a23b85528310dad848ad2ac58e735612929c8072f6093f3585fd342d",
                "sha256:f276df9830dba7a333544bd41070e8175762a7ac20350786b322b714b0e654f5",
                "sha256:f3acda1924472472ddd60c29e5b9db0cec629fbe3c5c5accb74d6d6d14773478",
                "sha256:f70a9e237bb792c7cc7e44c531fd48f5897961701cdaa06cf22fc14965c496cf",
                "sha256:f9d29ca8a77117315101425ec7ec2a47a22ccf59f5593378fc4077ac5b754fce",
                "sha256:fa877ca7f6b48054f847b61d6fa7bed5cebb663ebc55e018fda12db09dcc664c",
                "sha256:fdcec0b8399108577ec290f55551d926d9a1fa6cad45882093a7a07ac5ec147b"
            ],
            "markers": "python_version >= '3' and platform_machine == 'aarch64' or (platform_machine == 'ppc64le' or (platform_machine == 'x86_64' or (platform_machine == 'amd64' or (platform_machine == 'AMD64' or (platform_machine == 'win32' or platform_machine == 'WIN32')))))",
            "version": "==1.1.2"
        },
        "gunicorn": {
            "hashes": [
                "sha256:9dcc4547dbb1cb284accfb15ab5667a0e5d1881cc443e0677b4882a4067a807e",
                "sha256:e0a968b5ba15f8a328fdfd7ab1fcb5af4470c28aaf7e55df02a99bc13138e6e8"
            ],
            "index": "pypi",
            "version": "==20.1.0"
        },
        "idna": {
            "hashes": [
                "sha256:84d9dd047ffa80596e0f246e2eab0b391788b0503584e8945f2368256d2735ff",
                "sha256:9d643ff0a55b762d5cdb124b8eaa99c66322e2157b69160bc32796e824360e6d"
            ],
            "markers": "python_version >= '3'",
            "version": "==3.3"
        },
        "iniconfig": {
            "hashes": [
                "sha256:011e24c64b7f47f6ebd835bb12a743f2fbe9a26d4cecaa7f53bc4f35ee9da8b3",
                "sha256:bc3af051d7d14b2ee5ef9969666def0cd1a000e121eaea580d4a313df4b37f32"
            ],
            "version": "==1.1.1"
        },
        "mako": {
            "hashes": [
                "sha256:23aab11fdbbb0f1051b93793a58323ff937e98e34aece1c4219675122e57e4ba",
                "sha256:9a7c7e922b87db3686210cf49d5d767033a41d4010b284e747682c92bddd8b39"
            ],
            "markers": "python_version >= '3.7'",
            "version": "==1.2.0"
        },
        "markupsafe": {
            "hashes": [
                "sha256:0212a68688482dc52b2d45013df70d169f542b7394fc744c02a57374a4207003",
                "sha256:089cf3dbf0cd6c100f02945abeb18484bd1ee57a079aefd52cffd17fba910b88",
                "sha256:10c1bfff05d95783da83491be968e8fe789263689c02724e0c691933c52994f5",
                "sha256:33b74d289bd2f5e527beadcaa3f401e0df0a89927c1559c8566c066fa4248ab7",
                "sha256:3799351e2336dc91ea70b034983ee71cf2f9533cdff7c14c90ea126bfd95d65a",
                "sha256:3ce11ee3f23f79dbd06fb3d63e2f6af7b12db1d46932fe7bd8afa259a5996603",
                "sha256:421be9fbf0ffe9ffd7a378aafebbf6f4602d564d34be190fc19a193232fd12b1",
                "sha256:43093fb83d8343aac0b1baa75516da6092f58f41200907ef92448ecab8825135",
                "sha256:46d00d6cfecdde84d40e572d63735ef81423ad31184100411e6e3388d405e247",
                "sha256:4a33dea2b688b3190ee12bd7cfa29d39c9ed176bda40bfa11099a3ce5d3a7ac6",
                "sha256:4b9fe39a2ccc108a4accc2676e77da025ce383c108593d65cc909add5c3bd601",
                "sha256:56442863ed2b06d19c37f94d999035e15ee982988920e12a5b4ba29b62ad1f77",
                "sha256:671cd1187ed5e62818414afe79ed29da836dde67166a9fac6d435873c44fdd02",
                "sha256:694deca8d702d5db21ec83983ce0bb4b26a578e71fbdbd4fdcd387daa90e4d5e",
                "sha256:6a074d34ee7a5ce3effbc526b7083ec9731bb3cbf921bbe1d3005d4d2bdb3a63",
                "sha256:6d0072fea50feec76a4c418096652f2c3238eaa014b2f94aeb1d56a66b41403f",
                "sha256:6fbf47b5d3728c6aea2abb0589b5d30459e369baa772e0f37a0320185e87c980",
                "sha256:7f91197cc9e48f989d12e4e6fbc46495c446636dfc81b9ccf50bb0ec74b91d4b",
                "sha256:86b1f75c4e7c2ac2ccdaec2b9022845dbb81880ca318bb7a0a01fbf7813e3812",
                "sha256:8dc1c72a69aa7e082593c4a203dcf94ddb74bb5c8a731e4e1eb68d031e8498ff",
                "sha256:8e3dcf21f367459434c18e71b2a9532d96547aef8a871872a5bd69a715c15f96",
                "sha256:8e576a51ad59e4bfaac456023a78f6b5e6e7651dcd383bcc3e18d06f9b55d6d1",
                "sha256:96e37a3dc86e80bf81758c152fe66dbf60ed5eca3d26305edf01892257049925",
                "sha256:97a68e6ada378df82bc9f16b800ab77cbf4b2fada0081794318520138c088e4a",
                "sha256:99a2a507ed3ac881b975a2976d59f38c19386d128e7a9a18b7df6fff1fd4c1d6",
                "sha256:a49907dd8420c5685cfa064a1335b6754b74541bbb3706c259c02ed65b644b3e",
                "sha256:b09bf97215625a311f669476f44b8b318b075847b49316d3e28c08e41a7a573f",
                "sha256:b7bd98b796e2b6553da7225aeb61f447f80a1ca64f41d83612e6139ca5213aa4",
                "sha256:b87db4360013327109564f0e591bd2a3b318547bcef31b468a92ee504d07ae4f",
                "sha256:bcb3ed405ed3222f9904899563d6fc492ff75cce56cba05e32eff40e6acbeaa3",
                "sha256:d4306c36ca495956b6d568d276ac11fdd9c30a36f1b6eb928070dc5360b22e1c",
                "sha256:d5ee4f386140395a2c818d149221149c54849dfcfcb9f1debfe07a8b8bd63f9a",
                "sha256:dda30ba7e87fbbb7eab1ec9f58678558fd9a6b8b853530e176eabd064da81417",
                "sha256:e04e26803c9c3851c931eac40c695602c6295b8d432cbe78609649ad9bd2da8a",
                "sha256:e1c0b87e09fa55a220f058d1d49d3fb8df88fbfab58558f1198e08c1e1de842a",
                "sha256:e72591e9ecd94d7feb70c1cbd7be7b3ebea3f548870aa91e2732960fa4d57a37",
                "sha256:e8c843bbcda3a2f1e3c2ab25913c80a3c5376cd00c6e8c4a86a89a28c8dc5452",
                "sha256:efc1913fd2ca4f334418481c7e595c00aad186563bbc1ec76067848c7ca0a933",
                "sha256:f121a1420d4e173a5d96e47e9a0c0dcff965afdf1626d28de1460815f7c4ee7a",
                "sha256:fc7b548b17d238737688817ab67deebb30e8073c95749d55538ed473130ec0c7"
            ],
            "markers": "python_version >= '3.7'",
            "version": "==2.1.1"
        },
        "packaging": {
            "hashes": [
                "sha256:dd47c42927d89ab911e606518907cc2d3a1f38bbd026385970643f9c5b8ecfeb",
                "sha256:ef103e05f519cdc783ae24ea4e2e0f508a9c99b2d4969652eed6a2e1ea5bd522"
            ],
            "markers": "python_version >= '3.6'",
            "version": "==21.3"
        },
        "pluggy": {
            "hashes": [
                "sha256:4224373bacce55f955a878bf9cfa763c1e360858e330072059e10bad68531159",
                "sha256:74134bbf457f031a36d68416e1509f34bd5ccc019f0bcc952c7b909d06b37bd3"
            ],
            "markers": "python_version >= '3.6'",
            "version": "==1.0.0"
        },
        "psycopg2": {
            "hashes": [
                "sha256:06f32425949bd5fe8f625c49f17ebb9784e1e4fe928b7cce72edc36fb68e4c0c",
                "sha256:0762c27d018edbcb2d34d51596e4346c983bd27c330218c56c4dc25ef7e819bf",
                "sha256:083707a696e5e1c330af2508d8fab36f9700b26621ccbcb538abe22e15485362",
                "sha256:34b33e0162cfcaad151f249c2649fd1030010c16f4bbc40a604c1cb77173dcf7",
                "sha256:4295093a6ae3434d33ec6baab4ca5512a5082cc43c0505293087b8a46d108461",
                "sha256:8cf3878353cc04b053822896bc4922b194792df9df2f1ad8da01fb3043602126",
                "sha256:8e841d1bf3434da985cc5ef13e6f75c8981ced601fd70cc6bf33351b91562981",
                "sha256:9572e08b50aed176ef6d66f15a21d823bb6f6d23152d35e8451d7d2d18fdac56",
                "sha256:a81e3866f99382dfe8c15a151f1ca5fde5815fde879348fe5a9884a7c092a305",
                "sha256:cb10d44e6694d763fa1078a26f7f6137d69f555a78ec85dc2ef716c37447e4b2",
                "sha256:d3ca6421b942f60c008f81a3541e8faf6865a28d5a9b48544b0ee4f40cac7fca"
            ],
            "index": "pypi",
            "version": "==2.9.3"
        },
        "py": {
            "hashes": [
                "sha256:51c75c4126074b472f746a24399ad32f6053d1b34b68d2fa41e558e6f4a98719",
                "sha256:607c53218732647dff4acdfcd50cb62615cedf612e72d1724fb1a0cc6405b378"
            ],
            "markers": "python_version >= '2.7' and python_version not in '3.0, 3.1, 3.2, 3.3, 3.4'",
            "version": "==1.11.0"
        },
        "pydantic": {
            "hashes": [
                "sha256:085ca1de245782e9b46cefcf99deecc67d418737a1fd3f6a4f511344b613a5b3",
                "sha256:086254884d10d3ba16da0588604ffdc5aab3f7f09557b998373e885c690dd398",
                "sha256:0b6037175234850ffd094ca77bf60fb54b08b5b22bc85865331dd3bda7a02fa1",
                "sha256:0fe476769acaa7fcddd17cadd172b156b53546ec3614a4d880e5d29ea5fbce65",
                "sha256:1d5278bd9f0eee04a44c712982343103bba63507480bfd2fc2790fa70cd64cf4",
                "sha256:2cc6a4cb8a118ffec2ca5fcb47afbacb4f16d0ab8b7350ddea5e8ef7bcc53a16",
                "sha256:2ee7e3209db1e468341ef41fe263eb655f67f5c5a76c924044314e139a1103a2",
                "sha256:3011b975c973819883842c5ab925a4e4298dffccf7782c55ec3580ed17dc464c",
                "sha256:3c3b035103bd4e2e4a28da9da7ef2fa47b00ee4a9cf4f1a735214c1bcd05e0f6",
                "sha256:4c68c3bc88dbda2a6805e9a142ce84782d3930f8fdd9655430d8576315ad97ce",
                "sha256:574936363cd4b9eed8acdd6b80d0143162f2eb654d96cb3a8ee91d3e64bf4cf9",
                "sha256:5a79330f8571faf71bf93667d3ee054609816f10a259a109a0738dac983b23c3",
                "sha256:5e48ef4a8b8c066c4a31409d91d7ca372a774d0212da2787c0d32f8045b1e034",
                "sha256:6c5b77947b9e85a54848343928b597b4f74fc364b70926b3c4441ff52620640c",
                "sha256:742645059757a56ecd886faf4ed2441b9c0cd406079c2b4bee51bcc3fbcd510a",
                "sha256:7bdfdadb5994b44bd5579cfa7c9b0e1b0e540c952d56f627eb227851cda9db77",
                "sha256:815ddebb2792efd4bba5488bc8fde09c29e8ca3227d27cf1c6990fc830fd292b",
                "sha256:8b5ac0f1c83d31b324e57a273da59197c83d1bb18171e512908fe5dc7278a1d6",
                "sha256:96f240bce182ca7fe045c76bcebfa0b0534a1bf402ed05914a6f1dadff91877f",
                "sha256:a733965f1a2b4090a5238d40d983dcd78f3ecea221c7af1497b845a9709c1721",
                "sha256:ab624700dc145aa809e6f3ec93fb8e7d0f99d9023b713f6a953637429b437d37",
                "sha256:b2571db88c636d862b35090ccf92bf24004393f85c8870a37f42d9f23d13e032",
                "sha256:bbbc94d0c94dd80b3340fc4f04fd4d701f4b038ebad72c39693c794fd3bc2d9d",
                "sha256:c0727bda6e38144d464daec31dff936a82917f431d9c39c39c60a26567eae3ed",
                "sha256:c556695b699f648c58373b542534308922c46a1cda06ea47bc9ca45ef5b39ae6",
                "sha256:c86229333cabaaa8c51cf971496f10318c4734cf7b641f08af0a6fbf17ca3054",
                "sha256:c8d7da6f1c1049eefb718d43d99ad73100c958a5367d30b9321b092771e96c25",
                "sha256:c8e9dcf1ac499679aceedac7e7ca6d8641f0193c591a2d090282aaf8e9445a46",
                "sha256:cb23bcc093697cdea2708baae4f9ba0e972960a835af22560f6ae4e7e47d33f5",
                "sha256:d1e4c28f30e767fd07f2ddc6f74f41f034d1dd6bc526cd59e63a82fe8bb9ef4c",
                "sha256:d9c9bdb3af48e242838f9f6e6127de9be7063aad17b32215ccc36a09c5cf1070",
                "sha256:dee5ef83a76ac31ab0c78c10bd7d5437bfdb6358c95b91f1ba7ff7b76f9996a1",
                "sha256:e0896200b6a40197405af18828da49f067c2fa1f821491bc8f5bde241ef3f7d7",
                "sha256:f5a64b64ddf4c99fe201ac2724daada8595ada0d102ab96d019c1555c2d6441d",
                "sha256:f947352c3434e8b937e3aa8f96f47bdfe6d92779e44bb3f41e4c213ba6a32145"
            ],
            "index": "pypi",
            "version": "==1.9.0"
        },
        "pyparsing": {
            "hashes": [
                "sha256:18ee9022775d270c55187733956460083db60b37d0d0fb357445f3094eed3eea",
                "sha256:a6c06a88f252e6c322f65faf8f418b16213b51bdfaece0524c1c1bc30c63c484"
            ],
            "markers": "python_version >= '3.6'",
            "version": "==3.0.7"
        },
        "pytest": {
            "hashes": [
                "sha256:9ce3ff477af913ecf6321fe337b93a2c0dcf2a0a1439c43f5452112c1e4280db",
                "sha256:e30905a0c131d3d94b89624a1cc5afec3e0ba2fbdb151867d8e0ebd49850f171"
            ],
            "index": "pypi",
            "version": "==7.0.1"
        },
        "python-decouple": {
            "hashes": [
                "sha256:2838cdf77a5cf127d7e8b339ce14c25bceb3af3e674e039d4901ba16359968c7",
                "sha256:6cf502dc963a5c642ea5ead069847df3d916a6420cad5599185de6bab11d8c2e"
            ],
            "index": "pypi",
            "version": "==3.6"
        },
        "requests": {
            "hashes": [
                "sha256:68d7c56fd5a8999887728ef304a6d12edc7be74f1cfa47714fc8b414525c9a61",
                "sha256:f22fa1e554c9ddfd16e6e41ac79759e17be9e492b3587efa038054674760e72d"
            ],
            "index": "pypi",
            "version": "==2.27.1"
        },
        "setuptools": {
            "hashes": [
                "sha256:425ec0e0014c5bcc1104dd1099de6c8f0584854fc9a4f512575f5ed5ee399fb9",
                "sha256:6d59c30ce22dd583b42cacf51eebe4c6ea72febaa648aa8b30e5015d23a191fe"
            ],
            "markers": "python_version >= '3.7'",
            "version": "==61.3.0"
        },
        "spectree": {
            "hashes": [
                "sha256:5d950c947f44fc4c54eee5835b32f69fd6010bf44474984cdc831cf27ef26112",
                "sha256:98ef641f5d48002df0b9da3c78ba5cbd87f5539ae360eee9cbca4f1f06b92aa0"
            ],
            "index": "pypi",
            "version": "==0.7.6"
        },
        "sqlalchemy": {
            "hashes": [
                "sha256:045d6a26c262929af0b9cb25441aae675ac04db4ea8bd2446b355617cd6b6b7d",
                "sha256:07f4dab2deb6d34618a2ccfff3971a85923ad7c3a9a45401818870fc51d3f0cc",
                "sha256:08aaad905aba8940f27aeb9f1f851bf63f18ef97b0062ca41f64afc4b64e0e8c",
                "sha256:27a42894a2751e438eaed12fc0dcfe741ff2f66c14760d081222c5adc5460064",
                "sha256:2a3e4dc7c452ba3c0f3175ad5a8e0ba49c2b0570a8d07272cf50844c8d78e74f",
                "sha256:345306707bb0e51e7cd6e7573adafbce018894ee5e3b9c31134545f704936db0",
                "sha256:36f08d94670315ca04c8139bd80b3e02b9dd9cc66fc11bcb96fd10ad51a051ab",
                "sha256:3ebb97ed96f4506e2f212e1fcf0ec07a103bb194938627660a5acb4d9feae49c",
                "sha256:40b995d7aeeb6f88a1927ce6692c0f626b59d8effd3e1d597f125e141707b37c",
                "sha256:4414ace6e3a5e39523e55a5d9f3b215699b2ead4ff91fca98f1b659b7ab2d92a",
                "sha256:50107d8183da3fbe5715957aa3954cd9d82aed555c5b4d3fd37fac861af422fa",
                "sha256:50174e173d03209c34e07e7b57cca48d0082ac2390edf927aafc706c111da11e",
                "sha256:5e88912bf192e7b5739c446d2276e1cba74cfa6c1c93eea2b2534404f6be1dbd",
                "sha256:621d3f6c0ba2407bb97e82b649be5ca7d5b6c201dcfb964ce13f517bf1cb6305",
                "sha256:623bac2d6bdca3f3e61cf1e1c466c5fb9f5cf08735736ee1111187b7a4108891",
                "sha256:671f61c3db4595b0e86cc4b30f675a7c0206d9ce99f041b4f6761c7ddd1e0074",
                "sha256:67c1c27c48875afc950bee5ee24582794f20b545e64e4f9ca94071a9b514d6ed",
                "sha256:6a6cfd468f54d65324fd3847cfd0148b0610efa6a43e5f5fcc89f455696ae9e7",
                "sha256:70048a83f0a1ece1fcd7189891c888e20af2c57fbd33eb760d8cece9843b896c",
                "sha256:7ee14a7f9f76d1ef9d5e5b760c9252617c839b87eee04d1ce8325ac66ae155c4",
                "sha256:804cf491437f3e4ce31247ab4b309b181f06ecc97d309b746d10f09439b4eb85",
                "sha256:878c7beaafa365602762c19f638282e1885454fed1aed86f8fae038933c7c671",
                "sha256:954ea8c527c4322afb6885944904714893af81fe9167e421273770991bf08a4a",
                "sha256:a47bf6b7ca6c28e4f4e262fabcf5be6b907af81be36de77839c9eeda2cdf3bb3",
                "sha256:a4fb5c6ee84a6bba4ff6f9f5379f0b3a0ffe9de7ba5a0945659b3da8d519709b",
                "sha256:b34bbc683789559f1bc9bb685fc162e0956dbbdfbe2fbd6755a9f5982c113610",
                "sha256:c025d45318b73c0601cca451532556cbab532b2742839ebb8cb58f9ebf06811e",
                "sha256:c3ad7f5b61ba014f5045912aea15b03c473bb02b1c07fd92c9d2c794fa183276",
                "sha256:c9218e3519398129e364121e0d89823e6ba2a2b77c28bfc661face0829c41433",
                "sha256:cd5cffd1dd753828f1069f33062f3896e51c990acd957c264f40e051b3e19887",
                "sha256:d8efcaa709ea8e7c08c3d3e7639c39b36083f5a995f397f9e6eedf5f5e4e4946",
                "sha256:e297a5cc625e3f1367a82deedf2d48ee4d2b2bd263b8b8d2efbaaf5608b5229e",
                "sha256:e67278ceb63270cdac0a7b89fc3c29a56f7dac9616a7ee48e7ad6b52e3b631e5",
                "sha256:eb6558ba07409dafa18c793c34292b3265be455904966f0724c10198829477e3",
                "sha256:f197c66663ed0f9e1178d51141d864688fb244a83f6b17f667d521e482537b2e",
                "sha256:f47996b1810894f766c9ee689607077c6c0e0fd6761e04c12ba13efb56d50c1d"
            ],
            "index": "pypi",
            "version": "==1.4.34"
        },
        "tomli": {
            "hashes": [
                "sha256:939de3e7a6161af0c887ef91b7d41a53e7c5a1ca976325f429cb46ea9bc30ecc",
                "sha256:de526c12914f0c550d15924c62d72abc48d6fe7364aa87328337a31007fe8a4f"
            ],
            "markers": "python_version >= '3.7'",
            "version": "==2.0.1"
        },
        "typing-extensions": {
            "hashes": [
                "sha256:1a9462dcc3347a79b1f1c0271fbe79e844580bb598bafa1ed208b94da3cdcd42",
                "sha256:21c85e0fe4b9a155d0799430b0ad741cdce7e359660ccbd8b530613e8df88ce2"
            ],
            "markers": "python_version >= '3.6'",
            "version": "==4.1.1"
        },
        "urllib3": {
            "hashes": [
                "sha256:44ece4d53fb1706f667c9bd1c648f5469a2ec925fcf3a776667042d645472c14",
                "sha256:aabaf16477806a5e1dd19aa41f8c2b7950dd3c746362d7e3223dbe6de6ac448e"
            ],
            "markers": "python_version >= '2.7' and python_version not in '3.0, 3.1, 3.2, 3.3, 3.4' and python_version < '4'",
            "version": "==1.26.9"
        }
    },
    "develop": {}
}
